// !$*UTF8*$!
{
	archiveVersion = 1;
	classes = {
	};
	objectVersion = 50;
	objects = {

/* Begin PBXBuildFile section */
		B643C6F524A5E20A00298438 /* main.cpp in Sources */ = {isa = PBXBuildFile; fileRef = B643C6F424A5E20A00298438 /* main.cpp */; };
		B643C6F924A5E21F00298438 /* libGLTools.a in Frameworks */ = {isa = PBXBuildFile; fileRef = DD487E1624A2F36100170A07 /* libGLTools.a */; };
		B643C6FA24A5E21F00298438 /* OpenGL.framework in Frameworks */ = {isa = PBXBuildFile; fileRef = DD487E0424A2F33800170A07 /* OpenGL.framework */; };
		B643C6FB24A5E21F00298438 /* GLUT.framework in Frameworks */ = {isa = PBXBuildFile; fileRef = DD487E0224A2F33100170A07 /* GLUT.framework */; };
		DD487DFB24A2F31A00170A07 /* main.cpp in Sources */ = {isa = PBXBuildFile; fileRef = DD487DFA24A2F31A00170A07 /* main.cpp */; };
		DD487E0324A2F33100170A07 /* GLUT.framework in Frameworks */ = {isa = PBXBuildFile; fileRef = DD487E0224A2F33100170A07 /* GLUT.framework */; };
		DD487E0524A2F33800170A07 /* OpenGL.framework in Frameworks */ = {isa = PBXBuildFile; fileRef = DD487E0424A2F33800170A07 /* OpenGL.framework */; };
		DD487E1724A2F36100170A07 /* libGLTools.a in Frameworks */ = {isa = PBXBuildFile; fileRef = DD487E1624A2F36100170A07 /* libGLTools.a */; };
		DD487E1F24A2F3B400170A07 /* main.cpp in Sources */ = {isa = PBXBuildFile; fileRef = DD487E1E24A2F3B400170A07 /* main.cpp */; };
		DD487E2A24A2F3E200170A07 /* main.cpp in Sources */ = {isa = PBXBuildFile; fileRef = DD487E2924A2F3E200170A07 /* main.cpp */; };
		DD487E2E24A2F45C00170A07 /* GLUT.framework in Frameworks */ = {isa = PBXBuildFile; fileRef = DD487E0224A2F33100170A07 /* GLUT.framework */; };
		DD487E2F24A2F47400170A07 /* OpenGL.framework in Frameworks */ = {isa = PBXBuildFile; fileRef = DD487E0424A2F33800170A07 /* OpenGL.framework */; };
		DD487E3024A2F48900170A07 /* libGLTools.a in Frameworks */ = {isa = PBXBuildFile; fileRef = DD487E1624A2F36100170A07 /* libGLTools.a */; };
		DD487E3124A2F51D00170A07 /* GLUT.framework in Frameworks */ = {isa = PBXBuildFile; fileRef = DD487E0224A2F33100170A07 /* GLUT.framework */; };
		DD487E3224A2F52600170A07 /* OpenGL.framework in Frameworks */ = {isa = PBXBuildFile; fileRef = DD487E0424A2F33800170A07 /* OpenGL.framework */; };
		DD487E3324A2F52A00170A07 /* libGLTools.a in Frameworks */ = {isa = PBXBuildFile; fileRef = DD487E1624A2F36100170A07 /* libGLTools.a */; };
		DD487E3B24A2F54900170A07 /* main.cpp in Sources */ = {isa = PBXBuildFile; fileRef = DD487E3A24A2F54900170A07 /* main.cpp */; };
		DD487E3F24A2F55200170A07 /* libGLTools.a in Frameworks */ = {isa = PBXBuildFile; fileRef = DD487E1624A2F36100170A07 /* libGLTools.a */; };
		DD487E4024A2F55200170A07 /* OpenGL.framework in Frameworks */ = {isa = PBXBuildFile; fileRef = DD487E0424A2F33800170A07 /* OpenGL.framework */; };
		DD487E4124A2F55200170A07 /* GLUT.framework in Frameworks */ = {isa = PBXBuildFile; fileRef = DD487E0224A2F33100170A07 /* GLUT.framework */; };
		DD487E4C24AC233B00170A07 /* main.cpp in Sources */ = {isa = PBXBuildFile; fileRef = DD487E4B24AC233B00170A07 /* main.cpp */; };
		DD487E5024AC235000170A07 /* libGLTools.a in Frameworks */ = {isa = PBXBuildFile; fileRef = DD487E1624A2F36100170A07 /* libGLTools.a */; };
		DD487E5124AC235000170A07 /* OpenGL.framework in Frameworks */ = {isa = PBXBuildFile; fileRef = DD487E0424A2F33800170A07 /* OpenGL.framework */; };
		DD487E5224AC235000170A07 /* GLUT.framework in Frameworks */ = {isa = PBXBuildFile; fileRef = DD487E0224A2F33100170A07 /* GLUT.framework */; };
		DD52E14924AC93CB00C81EEF /* main.cpp in Sources */ = {isa = PBXBuildFile; fileRef = DD52E14824AC93CB00C81EEF /* main.cpp */; };
		DDAC0D8024C8365200D005E1 /* main.cpp in Sources */ = {isa = PBXBuildFile; fileRef = DDAC0D7F24C8365200D005E1 /* main.cpp */; };
		DDAC0D8424C8365F00D005E1 /* libGLTools.a in Frameworks */ = {isa = PBXBuildFile; fileRef = DD487E1624A2F36100170A07 /* libGLTools.a */; };
		DDAC0D8524C8365F00D005E1 /* OpenGL.framework in Frameworks */ = {isa = PBXBuildFile; fileRef = DD487E0424A2F33800170A07 /* OpenGL.framework */; };
		DDAC0D8624C8365F00D005E1 /* GLUT.framework in Frameworks */ = {isa = PBXBuildFile; fileRef = DD487E0224A2F33100170A07 /* GLUT.framework */; };
		DDC868F324BD472000081638 /* main.cpp in Sources */ = {isa = PBXBuildFile; fileRef = DDC868F224BD472000081638 /* main.cpp */; };
		DDC868F724BD472F00081638 /* libGLTools.a in Frameworks */ = {isa = PBXBuildFile; fileRef = DD487E1624A2F36100170A07 /* libGLTools.a */; };
		DDC868F824BD472F00081638 /* OpenGL.framework in Frameworks */ = {isa = PBXBuildFile; fileRef = DD487E0424A2F33800170A07 /* OpenGL.framework */; };
		DDC868F924BD472F00081638 /* GLUT.framework in Frameworks */ = {isa = PBXBuildFile; fileRef = DD487E0224A2F33100170A07 /* GLUT.framework */; };
		DDF3301624C57E3F00B1A703 /* main.cpp in Sources */ = {isa = PBXBuildFile; fileRef = DDF3301524C57E3F00B1A703 /* main.cpp */; };
		DDF3301A24C57E5300B1A703 /* libGLTools.a in Frameworks */ = {isa = PBXBuildFile; fileRef = DD487E1624A2F36100170A07 /* libGLTools.a */; };
		DDF3301B24C57E5300B1A703 /* OpenGL.framework in Frameworks */ = {isa = PBXBuildFile; fileRef = DD487E0424A2F33800170A07 /* OpenGL.framework */; };
		DDF3301C24C57E5300B1A703 /* GLUT.framework in Frameworks */ = {isa = PBXBuildFile; fileRef = DD487E0224A2F33100170A07 /* GLUT.framework */; };
		DDF3302824C68D6D00B1A703 /* main.cpp in Sources */ = {isa = PBXBuildFile; fileRef = DDF3302724C68D6D00B1A703 /* main.cpp */; };
		DDF3302C24C68D8800B1A703 /* libGLTools.a in Frameworks */ = {isa = PBXBuildFile; fileRef = DD487E1624A2F36100170A07 /* libGLTools.a */; };
		DDF3302D24C68D8800B1A703 /* OpenGL.framework in Frameworks */ = {isa = PBXBuildFile; fileRef = DD487E0424A2F33800170A07 /* OpenGL.framework */; };
		DDF3302E24C68D8800B1A703 /* GLUT.framework in Frameworks */ = {isa = PBXBuildFile; fileRef = DD487E0224A2F33100170A07 /* GLUT.framework */; };
		DDF3303824C6B80500B1A703 /* main.cpp in Sources */ = {isa = PBXBuildFile; fileRef = DDF3303724C6B80500B1A703 /* main.cpp */; };
		DDF3303C24C6B81400B1A703 /* libGLTools.a in Frameworks */ = {isa = PBXBuildFile; fileRef = DD487E1624A2F36100170A07 /* libGLTools.a */; };
		DDF3303D24C6B81400B1A703 /* OpenGL.framework in Frameworks */ = {isa = PBXBuildFile; fileRef = DD487E0424A2F33800170A07 /* OpenGL.framework */; };
		DDF3303E24C6B81400B1A703 /* GLUT.framework in Frameworks */ = {isa = PBXBuildFile; fileRef = DD487E0224A2F33100170A07 /* GLUT.framework */; };
/* End PBXBuildFile section */

/* Begin PBXCopyFilesBuildPhase section */
		B643C6F024A5E20A00298438 /* CopyFiles */ = {
			isa = PBXCopyFilesBuildPhase;
			buildActionMask = 2147483647;
			dstPath = /usr/share/man/man1/;
			dstSubfolderSpec = 0;
			files = (
			);
			runOnlyForDeploymentPostprocessing = 1;
		};
		DD487DF524A2F31A00170A07 /* CopyFiles */ = {
			isa = PBXCopyFilesBuildPhase;
			buildActionMask = 2147483647;
			dstPath = /usr/share/man/man1/;
			dstSubfolderSpec = 0;
			files = (
			);
			runOnlyForDeploymentPostprocessing = 1;
		};
		DD487E1A24A2F3B400170A07 /* CopyFiles */ = {
			isa = PBXCopyFilesBuildPhase;
			buildActionMask = 2147483647;
			dstPath = /usr/share/man/man1/;
			dstSubfolderSpec = 0;
			files = (
			);
			runOnlyForDeploymentPostprocessing = 1;
		};
		DD487E2524A2F3E100170A07 /* CopyFiles */ = {
			isa = PBXCopyFilesBuildPhase;
			buildActionMask = 2147483647;
			dstPath = /usr/share/man/man1/;
			dstSubfolderSpec = 0;
			files = (
			);
			runOnlyForDeploymentPostprocessing = 1;
		};
		DD487E3624A2F54900170A07 /* CopyFiles */ = {
			isa = PBXCopyFilesBuildPhase;
			buildActionMask = 2147483647;
			dstPath = /usr/share/man/man1/;
			dstSubfolderSpec = 0;
			files = (
			);
			runOnlyForDeploymentPostprocessing = 1;
		};
		DD487E4724AC233B00170A07 /* CopyFiles */ = {
			isa = PBXCopyFilesBuildPhase;
			buildActionMask = 2147483647;
			dstPath = /usr/share/man/man1/;
			dstSubfolderSpec = 0;
			files = (
			);
			runOnlyForDeploymentPostprocessing = 1;
		};
		DD52E14424AC93CB00C81EEF /* CopyFiles */ = {
			isa = PBXCopyFilesBuildPhase;
			buildActionMask = 2147483647;
			dstPath = /usr/share/man/man1/;
			dstSubfolderSpec = 0;
			files = (
			);
			runOnlyForDeploymentPostprocessing = 1;
		};
		DDAC0D7B24C8365200D005E1 /* CopyFiles */ = {
			isa = PBXCopyFilesBuildPhase;
			buildActionMask = 2147483647;
			dstPath = /usr/share/man/man1/;
			dstSubfolderSpec = 0;
			files = (
			);
			runOnlyForDeploymentPostprocessing = 1;
		};
		DDC868EE24BD472000081638 /* CopyFiles */ = {
			isa = PBXCopyFilesBuildPhase;
			buildActionMask = 2147483647;
			dstPath = /usr/share/man/man1/;
			dstSubfolderSpec = 0;
			files = (
			);
			runOnlyForDeploymentPostprocessing = 1;
		};
		DDF3301124C57E3F00B1A703 /* CopyFiles */ = {
			isa = PBXCopyFilesBuildPhase;
			buildActionMask = 2147483647;
			dstPath = /usr/share/man/man1/;
			dstSubfolderSpec = 0;
			files = (
			);
			runOnlyForDeploymentPostprocessing = 1;
		};
		DDF3302324C68D6D00B1A703 /* CopyFiles */ = {
			isa = PBXCopyFilesBuildPhase;
			buildActionMask = 2147483647;
			dstPath = /usr/share/man/man1/;
			dstSubfolderSpec = 0;
			files = (
			);
			runOnlyForDeploymentPostprocessing = 1;
		};
		DDF3303324C6B80500B1A703 /* CopyFiles */ = {
			isa = PBXCopyFilesBuildPhase;
			buildActionMask = 2147483647;
			dstPath = /usr/share/man/man1/;
			dstSubfolderSpec = 0;
			files = (
			);
			runOnlyForDeploymentPostprocessing = 1;
		};
/* End PBXCopyFilesBuildPhase section */

/* Begin PBXFileReference section */
		B643C6F224A5E20A00298438 /* flower_torus */ = {isa = PBXFileReference; explicitFileType = "compiled.mach-o.executable"; includeInIndex = 0; path = flower_torus; sourceTree = BUILT_PRODUCTS_DIR; };
		B643C6F424A5E20A00298438 /* main.cpp */ = {isa = PBXFileReference; lastKnownFileType = sourcecode.cpp.cpp; path = main.cpp; sourceTree = "<group>"; };
		DD487DF724A2F31A00170A07 /* OpenGL_Demos */ = {isa = PBXFileReference; explicitFileType = "compiled.mach-o.executable"; includeInIndex = 0; path = OpenGL_Demos; sourceTree = BUILT_PRODUCTS_DIR; };
		DD487DFA24A2F31A00170A07 /* main.cpp */ = {isa = PBXFileReference; lastKnownFileType = sourcecode.cpp.cpp; path = main.cpp; sourceTree = "<group>"; };
		DD487E0224A2F33100170A07 /* GLUT.framework */ = {isa = PBXFileReference; lastKnownFileType = wrapper.framework; name = GLUT.framework; path = System/Library/Frameworks/GLUT.framework; sourceTree = SDKROOT; };
		DD487E0424A2F33800170A07 /* OpenGL.framework */ = {isa = PBXFileReference; lastKnownFileType = wrapper.framework; name = OpenGL.framework; path = System/Library/Frameworks/OpenGL.framework; sourceTree = SDKROOT; };
		DD487E0724A2F36100170A07 /* GLBatchBase.h */ = {isa = PBXFileReference; fileEncoding = 4; lastKnownFileType = sourcecode.c.h; path = GLBatchBase.h; sourceTree = "<group>"; };
		DD487E0824A2F36100170A07 /* math3d.h */ = {isa = PBXFileReference; fileEncoding = 4; lastKnownFileType = sourcecode.c.h; path = math3d.h; sourceTree = "<group>"; };
		DD487E0924A2F36100170A07 /* GLTriangleBatch.h */ = {isa = PBXFileReference; fileEncoding = 4; lastKnownFileType = sourcecode.c.h; path = GLTriangleBatch.h; sourceTree = "<group>"; };
		DD487E0A24A2F36100170A07 /* GLBatch.h */ = {isa = PBXFileReference; fileEncoding = 4; lastKnownFileType = sourcecode.c.h; path = GLBatch.h; sourceTree = "<group>"; };
		DD487E0B24A2F36100170A07 /* GLMatrixStack.h */ = {isa = PBXFileReference; fileEncoding = 4; lastKnownFileType = sourcecode.c.h; path = GLMatrixStack.h; sourceTree = "<group>"; };
		DD487E0C24A2F36100170A07 /* GLFrame.h */ = {isa = PBXFileReference; fileEncoding = 4; lastKnownFileType = sourcecode.c.h; path = GLFrame.h; sourceTree = "<group>"; };
		DD487E0D24A2F36100170A07 /* GLFrustum.h */ = {isa = PBXFileReference; fileEncoding = 4; lastKnownFileType = sourcecode.c.h; path = GLFrustum.h; sourceTree = "<group>"; };
		DD487E0E24A2F36100170A07 /* GLGeometryTransform.h */ = {isa = PBXFileReference; fileEncoding = 4; lastKnownFileType = sourcecode.c.h; path = GLGeometryTransform.h; sourceTree = "<group>"; };
		DD487E0F24A2F36100170A07 /* GLShaderManager.h */ = {isa = PBXFileReference; fileEncoding = 4; lastKnownFileType = sourcecode.c.h; path = GLShaderManager.h; sourceTree = "<group>"; };
		DD487E1024A2F36100170A07 /* StopWatch.h */ = {isa = PBXFileReference; fileEncoding = 4; lastKnownFileType = sourcecode.c.h; path = StopWatch.h; sourceTree = "<group>"; };
		DD487E1224A2F36100170A07 /* glxew.h */ = {isa = PBXFileReference; fileEncoding = 4; lastKnownFileType = sourcecode.c.h; path = glxew.h; sourceTree = "<group>"; };
		DD487E1324A2F36100170A07 /* wglew.h */ = {isa = PBXFileReference; fileEncoding = 4; lastKnownFileType = sourcecode.c.h; path = wglew.h; sourceTree = "<group>"; };
		DD487E1424A2F36100170A07 /* glew.h */ = {isa = PBXFileReference; fileEncoding = 4; lastKnownFileType = sourcecode.c.h; path = glew.h; sourceTree = "<group>"; };
		DD487E1524A2F36100170A07 /* GLTools.h */ = {isa = PBXFileReference; fileEncoding = 4; lastKnownFileType = sourcecode.c.h; path = GLTools.h; sourceTree = "<group>"; };
		DD487E1624A2F36100170A07 /* libGLTools.a */ = {isa = PBXFileReference; lastKnownFileType = archive.ar; path = libGLTools.a; sourceTree = "<group>"; };
		DD487E1C24A2F3B400170A07 /* pyramid */ = {isa = PBXFileReference; explicitFileType = "compiled.mach-o.executable"; includeInIndex = 0; path = pyramid; sourceTree = BUILT_PRODUCTS_DIR; };
		DD487E1E24A2F3B400170A07 /* main.cpp */ = {isa = PBXFileReference; lastKnownFileType = sourcecode.cpp.cpp; path = main.cpp; sourceTree = "<group>"; };
		DD487E2724A2F3E100170A07 /* geometry */ = {isa = PBXFileReference; explicitFileType = "compiled.mach-o.executable"; includeInIndex = 0; path = geometry; sourceTree = BUILT_PRODUCTS_DIR; };
		DD487E2924A2F3E200170A07 /* main.cpp */ = {isa = PBXFileReference; lastKnownFileType = sourcecode.cpp.cpp; path = main.cpp; sourceTree = "<group>"; };
		DD487E3824A2F54900170A07 /* pyamid_texture */ = {isa = PBXFileReference; explicitFileType = "compiled.mach-o.executable"; includeInIndex = 0; path = pyamid_texture; sourceTree = BUILT_PRODUCTS_DIR; };
		DD487E3A24A2F54900170A07 /* main.cpp */ = {isa = PBXFileReference; lastKnownFileType = sourcecode.cpp.cpp; path = main.cpp; sourceTree = "<group>"; };
		DD487E4324A2F57000170A07 /* stone.tga */ = {isa = PBXFileReference; lastKnownFileType = file; path = stone.tga; sourceTree = "<group>"; };
		DD487E4924AC233B00170A07 /* Objects */ = {isa = PBXFileReference; explicitFileType = "compiled.mach-o.executable"; includeInIndex = 0; path = Objects; sourceTree = BUILT_PRODUCTS_DIR; };
		DD487E4B24AC233B00170A07 /* main.cpp */ = {isa = PBXFileReference; lastKnownFileType = sourcecode.cpp.cpp; path = main.cpp; sourceTree = "<group>"; };
		DD52E14624AC93CB00C81EEF /* rotate_object */ = {isa = PBXFileReference; explicitFileType = "compiled.mach-o.executable"; includeInIndex = 0; path = rotate_object; sourceTree = BUILT_PRODUCTS_DIR; };
		DD52E14824AC93CB00C81EEF /* main.cpp */ = {isa = PBXFileReference; lastKnownFileType = sourcecode.cpp.cpp; path = main.cpp; sourceTree = "<group>"; };
		DDAC0D7724C7DF8800D005E1 /* vertex.h */ = {isa = PBXFileReference; lastKnownFileType = sourcecode.c.h; path = vertex.h; sourceTree = "<group>"; };
		DDAC0D7824C7DF9400D005E1 /* fragment.h */ = {isa = PBXFileReference; lastKnownFileType = sourcecode.c.h; path = fragment.h; sourceTree = "<group>"; };
		DDAC0D7D24C8365200D005E1 /* Shader_4_AdsGouraud */ = {isa = PBXFileReference; explicitFileType = "compiled.mach-o.executable"; includeInIndex = 0; path = Shader_4_AdsGouraud; sourceTree = BUILT_PRODUCTS_DIR; };
		DDAC0D7F24C8365200D005E1 /* main.cpp */ = {isa = PBXFileReference; lastKnownFileType = sourcecode.cpp.cpp; path = main.cpp; sourceTree = "<group>"; };
		DDAC0D8724C83AE400D005E1 /* vertex.h */ = {isa = PBXFileReference; lastKnownFileType = sourcecode.c.h; path = vertex.h; sourceTree = "<group>"; };
		DDAC0D8824C83AEF00D005E1 /* fragment.h */ = {isa = PBXFileReference; lastKnownFileType = sourcecode.c.h; path = fragment.h; sourceTree = "<group>"; };
		DDC868F024BD472000081638 /* texture_1 */ = {isa = PBXFileReference; explicitFileType = "compiled.mach-o.executable"; includeInIndex = 0; path = texture_1; sourceTree = BUILT_PRODUCTS_DIR; };
		DDC868F224BD472000081638 /* main.cpp */ = {isa = PBXFileReference; lastKnownFileType = sourcecode.cpp.cpp; path = main.cpp; sourceTree = "<group>"; };
		DDF3300D24BF044800B1A703 /* stone.tga */ = {isa = PBXFileReference; lastKnownFileType = file; path = stone.tga; sourceTree = "<group>"; };
		DDF3300E24C002A900B1A703 /* brick.tga */ = {isa = PBXFileReference; lastKnownFileType = file; path = brick.tga; sourceTree = "<group>"; };
		DDF3301324C57E3F00B1A703 /* Shader_1 */ = {isa = PBXFileReference; explicitFileType = "compiled.mach-o.executable"; includeInIndex = 0; path = Shader_1; sourceTree = BUILT_PRODUCTS_DIR; };
		DDF3301524C57E3F00B1A703 /* main.cpp */ = {isa = PBXFileReference; lastKnownFileType = sourcecode.cpp.cpp; path = main.cpp; sourceTree = "<group>"; };
		DDF3301F24C589D700B1A703 /* vertex.h */ = {isa = PBXFileReference; lastKnownFileType = sourcecode.c.h; path = vertex.h; sourceTree = "<group>"; };
		DDF3302024C589F300B1A703 /* fragment.h */ = {isa = PBXFileReference; lastKnownFileType = sourcecode.c.h; path = fragment.h; sourceTree = "<group>"; };
		DDF3302524C68D6D00B1A703 /* Shader_2_Uniform */ = {isa = PBXFileReference; explicitFileType = "compiled.mach-o.executable"; includeInIndex = 0; path = Shader_2_Uniform; sourceTree = BUILT_PRODUCTS_DIR; };
		DDF3302724C68D6D00B1A703 /* main.cpp */ = {isa = PBXFileReference; lastKnownFileType = sourcecode.cpp.cpp; path = main.cpp; sourceTree = "<group>"; };
		DDF3302F24C68DA000B1A703 /* vertex.h */ = {isa = PBXFileReference; lastKnownFileType = sourcecode.c.h; path = vertex.h; sourceTree = "<group>"; };
		DDF3303024C68DAA00B1A703 /* fragment.h */ = {isa = PBXFileReference; lastKnownFileType = sourcecode.c.h; path = fragment.h; sourceTree = "<group>"; };
		DDF3303524C6B80500B1A703 /* Shader_3_SimulatingLight */ = {isa = PBXFileReference; explicitFileType = "compiled.mach-o.executable"; includeInIndex = 0; path = Shader_3_SimulatingLight; sourceTree = BUILT_PRODUCTS_DIR; };
		DDF3303724C6B80500B1A703 /* main.cpp */ = {isa = PBXFileReference; lastKnownFileType = sourcecode.cpp.cpp; path = main.cpp; sourceTree = "<group>"; };
/* End PBXFileReference section */

/* Begin PBXFrameworksBuildPhase section */
		B643C6EF24A5E20A00298438 /* Frameworks */ = {
			isa = PBXFrameworksBuildPhase;
			buildActionMask = 2147483647;
			files = (
				B643C6F924A5E21F00298438 /* libGLTools.a in Frameworks */,
				B643C6FA24A5E21F00298438 /* OpenGL.framework in Frameworks */,
				B643C6FB24A5E21F00298438 /* GLUT.framework in Frameworks */,
			);
			runOnlyForDeploymentPostprocessing = 0;
		};
		DD487DF424A2F31A00170A07 /* Frameworks */ = {
			isa = PBXFrameworksBuildPhase;
			buildActionMask = 2147483647;
			files = (
				DD487E1724A2F36100170A07 /* libGLTools.a in Frameworks */,
				DD487E0524A2F33800170A07 /* OpenGL.framework in Frameworks */,
				DD487E0324A2F33100170A07 /* GLUT.framework in Frameworks */,
			);
			runOnlyForDeploymentPostprocessing = 0;
		};
		DD487E1924A2F3B400170A07 /* Frameworks */ = {
			isa = PBXFrameworksBuildPhase;
			buildActionMask = 2147483647;
			files = (
				DD487E3224A2F52600170A07 /* OpenGL.framework in Frameworks */,
				DD487E3124A2F51D00170A07 /* GLUT.framework in Frameworks */,
				DD487E3324A2F52A00170A07 /* libGLTools.a in Frameworks */,
			);
			runOnlyForDeploymentPostprocessing = 0;
		};
		DD487E2424A2F3E100170A07 /* Frameworks */ = {
			isa = PBXFrameworksBuildPhase;
			buildActionMask = 2147483647;
			files = (
				DD487E2F24A2F47400170A07 /* OpenGL.framework in Frameworks */,
				DD487E2E24A2F45C00170A07 /* GLUT.framework in Frameworks */,
				DD487E3024A2F48900170A07 /* libGLTools.a in Frameworks */,
			);
			runOnlyForDeploymentPostprocessing = 0;
		};
		DD487E3524A2F54900170A07 /* Frameworks */ = {
			isa = PBXFrameworksBuildPhase;
			buildActionMask = 2147483647;
			files = (
				DD487E3F24A2F55200170A07 /* libGLTools.a in Frameworks */,
				DD487E4024A2F55200170A07 /* OpenGL.framework in Frameworks */,
				DD487E4124A2F55200170A07 /* GLUT.framework in Frameworks */,
			);
			runOnlyForDeploymentPostprocessing = 0;
		};
		DD487E4624AC233B00170A07 /* Frameworks */ = {
			isa = PBXFrameworksBuildPhase;
			buildActionMask = 2147483647;
			files = (
				DD487E5024AC235000170A07 /* libGLTools.a in Frameworks */,
				DD487E5124AC235000170A07 /* OpenGL.framework in Frameworks */,
				DD487E5224AC235000170A07 /* GLUT.framework in Frameworks */,
			);
			runOnlyForDeploymentPostprocessing = 0;
		};
		DD52E14324AC93CB00C81EEF /* Frameworks */ = {
			isa = PBXFrameworksBuildPhase;
			buildActionMask = 2147483647;
			files = (
			);
			runOnlyForDeploymentPostprocessing = 0;
		};
		DDAC0D7A24C8365200D005E1 /* Frameworks */ = {
			isa = PBXFrameworksBuildPhase;
			buildActionMask = 2147483647;
			files = (
				DDAC0D8424C8365F00D005E1 /* libGLTools.a in Frameworks */,
				DDAC0D8524C8365F00D005E1 /* OpenGL.framework in Frameworks */,
				DDAC0D8624C8365F00D005E1 /* GLUT.framework in Frameworks */,
			);
			runOnlyForDeploymentPostprocessing = 0;
		};
		DDC868ED24BD472000081638 /* Frameworks */ = {
			isa = PBXFrameworksBuildPhase;
			buildActionMask = 2147483647;
			files = (
				DDC868F724BD472F00081638 /* libGLTools.a in Frameworks */,
				DDC868F824BD472F00081638 /* OpenGL.framework in Frameworks */,
				DDC868F924BD472F00081638 /* GLUT.framework in Frameworks */,
			);
			runOnlyForDeploymentPostprocessing = 0;
		};
		DDF3301024C57E3F00B1A703 /* Frameworks */ = {
			isa = PBXFrameworksBuildPhase;
			buildActionMask = 2147483647;
			files = (
				DDF3301A24C57E5300B1A703 /* libGLTools.a in Frameworks */,
				DDF3301B24C57E5300B1A703 /* OpenGL.framework in Frameworks */,
				DDF3301C24C57E5300B1A703 /* GLUT.framework in Frameworks */,
			);
			runOnlyForDeploymentPostprocessing = 0;
		};
		DDF3302224C68D6D00B1A703 /* Frameworks */ = {
			isa = PBXFrameworksBuildPhase;
			buildActionMask = 2147483647;
			files = (
				DDF3302C24C68D8800B1A703 /* libGLTools.a in Frameworks */,
				DDF3302D24C68D8800B1A703 /* OpenGL.framework in Frameworks */,
				DDF3302E24C68D8800B1A703 /* GLUT.framework in Frameworks */,
			);
			runOnlyForDeploymentPostprocessing = 0;
		};
		DDF3303224C6B80500B1A703 /* Frameworks */ = {
			isa = PBXFrameworksBuildPhase;
			buildActionMask = 2147483647;
			files = (
				DDF3303C24C6B81400B1A703 /* libGLTools.a in Frameworks */,
				DDF3303D24C6B81400B1A703 /* OpenGL.framework in Frameworks */,
				DDF3303E24C6B81400B1A703 /* GLUT.framework in Frameworks */,
			);
			runOnlyForDeploymentPostprocessing = 0;
		};
/* End PBXFrameworksBuildPhase section */

/* Begin PBXGroup section */
		B643C6F324A5E20A00298438 /* flower_torus */ = {
			isa = PBXGroup;
			children = (
				B643C6F424A5E20A00298438 /* main.cpp */,
			);
			path = flower_torus;
			sourceTree = "<group>";
		};
		DD487DEE24A2F31A00170A07 = {
			isa = PBXGroup;
			children = (
				DD487DF924A2F31A00170A07 /* OpenGL_Demos */,
				DD487E1D24A2F3B400170A07 /* pyramid */,
				DD487E2824A2F3E200170A07 /* geometry */,
				DD487E3924A2F54900170A07 /* pyamid_texture */,
				B643C6F324A5E20A00298438 /* flower_torus */,
				DD487E4A24AC233B00170A07 /* Objects */,
				DD52E14724AC93CB00C81EEF /* rotate_object */,
				DDC868F124BD472000081638 /* texture_1 */,
				DDF3301424C57E3F00B1A703 /* Shader_1 */,
				DDF3302624C68D6D00B1A703 /* Shader_2_Uniform */,
				DDF3303624C6B80500B1A703 /* Shader_3_DiffuseLight */,
				DDAC0D7E24C8365200D005E1 /* Shader_4_AdsGouraud */,
				DD487DF824A2F31A00170A07 /* Products */,
				DD487E0124A2F33100170A07 /* Frameworks */,
			);
			sourceTree = "<group>";
		};
		DD487DF824A2F31A00170A07 /* Products */ = {
			isa = PBXGroup;
			children = (
				DD487DF724A2F31A00170A07 /* OpenGL_Demos */,
				DD487E1C24A2F3B400170A07 /* pyramid */,
				DD487E2724A2F3E100170A07 /* geometry */,
				DD487E3824A2F54900170A07 /* pyamid_texture */,
				B643C6F224A5E20A00298438 /* flower_torus */,
				DD487E4924AC233B00170A07 /* Objects */,
				DD52E14624AC93CB00C81EEF /* rotate_object */,
				DDC868F024BD472000081638 /* texture_1 */,
				DDF3301324C57E3F00B1A703 /* Shader_1 */,
				DDF3302524C68D6D00B1A703 /* Shader_2_Uniform */,
				DDF3303524C6B80500B1A703 /* Shader_3_SimulatingLight */,
				DDAC0D7D24C8365200D005E1 /* Shader_4_AdsGouraud */,
			);
			name = Products;
			sourceTree = "<group>";
		};
		DD487DF924A2F31A00170A07 /* OpenGL_Demos */ = {
			isa = PBXGroup;
			children = (
				DD487E0624A2F36100170A07 /* include */,
				DD487DFA24A2F31A00170A07 /* main.cpp */,
			);
			path = OpenGL_Demos;
			sourceTree = "<group>";
		};
		DD487E0124A2F33100170A07 /* Frameworks */ = {
			isa = PBXGroup;
			children = (
				DD487E1624A2F36100170A07 /* libGLTools.a */,
				DD487E0424A2F33800170A07 /* OpenGL.framework */,
				DD487E0224A2F33100170A07 /* GLUT.framework */,
			);
			name = Frameworks;
			sourceTree = "<group>";
		};
		DD487E0624A2F36100170A07 /* include */ = {
			isa = PBXGroup;
			children = (
				DD487E0724A2F36100170A07 /* GLBatchBase.h */,
				DD487E0824A2F36100170A07 /* math3d.h */,
				DD487E0924A2F36100170A07 /* GLTriangleBatch.h */,
				DD487E0A24A2F36100170A07 /* GLBatch.h */,
				DD487E0B24A2F36100170A07 /* GLMatrixStack.h */,
				DD487E0C24A2F36100170A07 /* GLFrame.h */,
				DD487E0D24A2F36100170A07 /* GLFrustum.h */,
				DD487E0E24A2F36100170A07 /* GLGeometryTransform.h */,
				DD487E0F24A2F36100170A07 /* GLShaderManager.h */,
				DD487E1024A2F36100170A07 /* StopWatch.h */,
				DD487E1124A2F36100170A07 /* GL */,
				DD487E1524A2F36100170A07 /* GLTools.h */,
			);
			path = include;
			sourceTree = "<group>";
		};
		DD487E1124A2F36100170A07 /* GL */ = {
			isa = PBXGroup;
			children = (
				DD487E1224A2F36100170A07 /* glxew.h */,
				DD487E1324A2F36100170A07 /* wglew.h */,
				DD487E1424A2F36100170A07 /* glew.h */,
			);
			path = GL;
			sourceTree = "<group>";
		};
		DD487E1D24A2F3B400170A07 /* pyramid */ = {
			isa = PBXGroup;
			children = (
				DD487E1E24A2F3B400170A07 /* main.cpp */,
			);
			path = pyramid;
			sourceTree = "<group>";
		};
		DD487E2824A2F3E200170A07 /* geometry */ = {
			isa = PBXGroup;
			children = (
				DD487E2924A2F3E200170A07 /* main.cpp */,
			);
			path = geometry;
			sourceTree = "<group>";
		};
		DD487E3924A2F54900170A07 /* pyamid_texture */ = {
			isa = PBXGroup;
			children = (
				DD487E4224A2F57000170A07 /* Texture */,
				DD487E3A24A2F54900170A07 /* main.cpp */,
			);
			path = pyamid_texture;
			sourceTree = "<group>";
		};
		DD487E4224A2F57000170A07 /* Texture */ = {
			isa = PBXGroup;
			children = (
				DD487E4324A2F57000170A07 /* stone.tga */,
			);
			path = Texture;
			sourceTree = "<group>";
		};
		DD487E4A24AC233B00170A07 /* Objects */ = {
			isa = PBXGroup;
			children = (
				DD487E4B24AC233B00170A07 /* main.cpp */,
			);
			path = Objects;
			sourceTree = "<group>";
		};
		DD52E14724AC93CB00C81EEF /* rotate_object */ = {
			isa = PBXGroup;
			children = (
				DD52E14824AC93CB00C81EEF /* main.cpp */,
			);
			path = rotate_object;
			sourceTree = "<group>";
		};
		DDAC0D7E24C8365200D005E1 /* Shader_4_AdsGouraud */ = {
			isa = PBXGroup;
			children = (
				DDAC0D7F24C8365200D005E1 /* main.cpp */,
				DDAC0D8724C83AE400D005E1 /* vertex.h */,
				DDAC0D8824C83AEF00D005E1 /* fragment.h */,
			);
			path = Shader_4_AdsGouraud;
			sourceTree = "<group>";
		};
		DDC868F124BD472000081638 /* texture_1 */ = {
			isa = PBXGroup;
			children = (
				DDF3300E24C002A900B1A703 /* brick.tga */,
				DDF3300D24BF044800B1A703 /* stone.tga */,
				DDC868F224BD472000081638 /* main.cpp */,
			);
			path = texture_1;
			sourceTree = "<group>";
		};
		DDF3301424C57E3F00B1A703 /* Shader_1 */ = {
			isa = PBXGroup;
			children = (
				DDF3301524C57E3F00B1A703 /* main.cpp */,
				DDF3301F24C589D700B1A703 /* vertex.h */,
				DDF3302024C589F300B1A703 /* fragment.h */,
			);
			path = Shader_1;
			sourceTree = "<group>";
		};
		DDF3302624C68D6D00B1A703 /* Shader_2_Uniform */ = {
			isa = PBXGroup;
			children = (
				DDF3302724C68D6D00B1A703 /* main.cpp */,
				DDF3302F24C68DA000B1A703 /* vertex.h */,
				DDF3303024C68DAA00B1A703 /* fragment.h */,
			);
			path = Shader_2_Uniform;
			sourceTree = "<group>";
		};
		DDF3303624C6B80500B1A703 /* Shader_3_DiffuseLight */ = {
			isa = PBXGroup;
			children = (
				DDF3303724C6B80500B1A703 /* main.cpp */,
				DDAC0D7724C7DF8800D005E1 /* vertex.h */,
				DDAC0D7824C7DF9400D005E1 /* fragment.h */,
			);
			path = Shader_3_DiffuseLight;
			sourceTree = "<group>";
		};
/* End PBXGroup section */

/* Begin PBXNativeTarget section */
		B643C6F124A5E20A00298438 /* flower_torus */ = {
			isa = PBXNativeTarget;
			buildConfigurationList = B643C6F824A5E20A00298438 /* Build configuration list for PBXNativeTarget "flower_torus" */;
			buildPhases = (
				B643C6EE24A5E20A00298438 /* Sources */,
				B643C6EF24A5E20A00298438 /* Frameworks */,
				B643C6F024A5E20A00298438 /* CopyFiles */,
			);
			buildRules = (
			);
			dependencies = (
			);
			name = flower_torus;
			productName = flower_torus;
			productReference = B643C6F224A5E20A00298438 /* flower_torus */;
			productType = "com.apple.product-type.tool";
		};
		DD487DF624A2F31A00170A07 /* OpenGL_Demos */ = {
			isa = PBXNativeTarget;
			buildConfigurationList = DD487DFE24A2F31A00170A07 /* Build configuration list for PBXNativeTarget "OpenGL_Demos" */;
			buildPhases = (
				DD487DF324A2F31A00170A07 /* Sources */,
				DD487DF424A2F31A00170A07 /* Frameworks */,
				DD487DF524A2F31A00170A07 /* CopyFiles */,
			);
			buildRules = (
			);
			dependencies = (
			);
			name = OpenGL_Demos;
			productName = OpenGL_Demos;
			productReference = DD487DF724A2F31A00170A07 /* OpenGL_Demos */;
			productType = "com.apple.product-type.tool";
		};
		DD487E1B24A2F3B400170A07 /* pyramid */ = {
			isa = PBXNativeTarget;
			buildConfigurationList = DD487E2024A2F3B400170A07 /* Build configuration list for PBXNativeTarget "pyramid" */;
			buildPhases = (
				DD487E1824A2F3B400170A07 /* Sources */,
				DD487E1924A2F3B400170A07 /* Frameworks */,
				DD487E1A24A2F3B400170A07 /* CopyFiles */,
			);
			buildRules = (
			);
			dependencies = (
			);
			name = pyramid;
			productName = pyramid;
			productReference = DD487E1C24A2F3B400170A07 /* pyramid */;
			productType = "com.apple.product-type.tool";
		};
		DD487E2624A2F3E100170A07 /* geometry */ = {
			isa = PBXNativeTarget;
			buildConfigurationList = DD487E2B24A2F3E200170A07 /* Build configuration list for PBXNativeTarget "geometry" */;
			buildPhases = (
				DD487E2324A2F3E100170A07 /* Sources */,
				DD487E2424A2F3E100170A07 /* Frameworks */,
				DD487E2524A2F3E100170A07 /* CopyFiles */,
			);
			buildRules = (
			);
			dependencies = (
			);
			name = geometry;
			productName = geometry;
			productReference = DD487E2724A2F3E100170A07 /* geometry */;
			productType = "com.apple.product-type.tool";
		};
		DD487E3724A2F54900170A07 /* pyamid_texture */ = {
			isa = PBXNativeTarget;
			buildConfigurationList = DD487E3C24A2F54900170A07 /* Build configuration list for PBXNativeTarget "pyamid_texture" */;
			buildPhases = (
				DD487E3424A2F54900170A07 /* Sources */,
				DD487E3524A2F54900170A07 /* Frameworks */,
				DD487E3624A2F54900170A07 /* CopyFiles */,
			);
			buildRules = (
			);
			dependencies = (
			);
			name = pyamid_texture;
			productName = pyamid_texture;
			productReference = DD487E3824A2F54900170A07 /* pyamid_texture */;
			productType = "com.apple.product-type.tool";
		};
		DD487E4824AC233B00170A07 /* Objects */ = {
			isa = PBXNativeTarget;
			buildConfigurationList = DD487E4F24AC233B00170A07 /* Build configuration list for PBXNativeTarget "Objects" */;
			buildPhases = (
				DD487E4524AC233B00170A07 /* Sources */,
				DD487E4624AC233B00170A07 /* Frameworks */,
				DD487E4724AC233B00170A07 /* CopyFiles */,
			);
			buildRules = (
			);
			dependencies = (
			);
			name = Objects;
			productName = Objects;
			productReference = DD487E4924AC233B00170A07 /* Objects */;
			productType = "com.apple.product-type.tool";
		};
		DD52E14524AC93CB00C81EEF /* rotate_object */ = {
			isa = PBXNativeTarget;
			buildConfigurationList = DD52E14C24AC93CB00C81EEF /* Build configuration list for PBXNativeTarget "rotate_object" */;
			buildPhases = (
				DD52E14224AC93CB00C81EEF /* Sources */,
				DD52E14324AC93CB00C81EEF /* Frameworks */,
				DD52E14424AC93CB00C81EEF /* CopyFiles */,
			);
			buildRules = (
			);
			dependencies = (
			);
			name = rotate_object;
			productName = rotate_object;
			productReference = DD52E14624AC93CB00C81EEF /* rotate_object */;
			productType = "com.apple.product-type.tool";
		};
		DDAC0D7C24C8365200D005E1 /* Shader_4_AdsGouraud */ = {
			isa = PBXNativeTarget;
			buildConfigurationList = DDAC0D8124C8365200D005E1 /* Build configuration list for PBXNativeTarget "Shader_4_AdsGouraud" */;
			buildPhases = (
				DDAC0D7924C8365200D005E1 /* Sources */,
				DDAC0D7A24C8365200D005E1 /* Frameworks */,
				DDAC0D7B24C8365200D005E1 /* CopyFiles */,
			);
			buildRules = (
			);
			dependencies = (
			);
			name = Shader_4_AdsGouraud;
			productName = Shader_4_AdsGouraud;
			productReference = DDAC0D7D24C8365200D005E1 /* Shader_4_AdsGouraud */;
			productType = "com.apple.product-type.tool";
		};
		DDC868EF24BD472000081638 /* texture_1 */ = {
			isa = PBXNativeTarget;
			buildConfigurationList = DDC868F624BD472000081638 /* Build configuration list for PBXNativeTarget "texture_1" */;
			buildPhases = (
				DDC868EC24BD472000081638 /* Sources */,
				DDC868ED24BD472000081638 /* Frameworks */,
				DDC868EE24BD472000081638 /* CopyFiles */,
			);
			buildRules = (
			);
			dependencies = (
			);
			name = texture_1;
			productName = texture_1;
			productReference = DDC868F024BD472000081638 /* texture_1 */;
			productType = "com.apple.product-type.tool";
		};
		DDF3301224C57E3F00B1A703 /* Shader_1 */ = {
			isa = PBXNativeTarget;
			buildConfigurationList = DDF3301924C57E3F00B1A703 /* Build configuration list for PBXNativeTarget "Shader_1" */;
			buildPhases = (
				DDF3300F24C57E3F00B1A703 /* Sources */,
				DDF3301024C57E3F00B1A703 /* Frameworks */,
				DDF3301124C57E3F00B1A703 /* CopyFiles */,
			);
			buildRules = (
			);
			dependencies = (
			);
			name = Shader_1;
			productName = Shader_1;
			productReference = DDF3301324C57E3F00B1A703 /* Shader_1 */;
			productType = "com.apple.product-type.tool";
		};
		DDF3302424C68D6D00B1A703 /* Shader_2_Uniform */ = {
			isa = PBXNativeTarget;
			buildConfigurationList = DDF3302B24C68D6D00B1A703 /* Build configuration list for PBXNativeTarget "Shader_2_Uniform" */;
			buildPhases = (
				DDF3302124C68D6D00B1A703 /* Sources */,
				DDF3302224C68D6D00B1A703 /* Frameworks */,
				DDF3302324C68D6D00B1A703 /* CopyFiles */,
			);
			buildRules = (
			);
			dependencies = (
			);
			name = Shader_2_Uniform;
			productName = Shader_2_Uniform;
			productReference = DDF3302524C68D6D00B1A703 /* Shader_2_Uniform */;
			productType = "com.apple.product-type.tool";
		};
		DDF3303424C6B80500B1A703 /* Shader_3_SimulatingLight */ = {
			isa = PBXNativeTarget;
			buildConfigurationList = DDF3303924C6B80500B1A703 /* Build configuration list for PBXNativeTarget "Shader_3_SimulatingLight" */;
			buildPhases = (
				DDF3303124C6B80500B1A703 /* Sources */,
				DDF3303224C6B80500B1A703 /* Frameworks */,
				DDF3303324C6B80500B1A703 /* CopyFiles */,
			);
			buildRules = (
			);
			dependencies = (
			);
			name = Shader_3_SimulatingLight;
			productName = Shader_3_SimulatingLight;
			productReference = DDF3303524C6B80500B1A703 /* Shader_3_SimulatingLight */;
			productType = "com.apple.product-type.tool";
		};
/* End PBXNativeTarget section */

/* Begin PBXProject section */
		DD487DEF24A2F31A00170A07 /* Project object */ = {
			isa = PBXProject;
			attributes = {
				LastUpgradeCheck = 1130;
				ORGANIZATIONNAME = mpm;
				TargetAttributes = {
					B643C6F124A5E20A00298438 = {
						CreatedOnToolsVersion = 11.3.1;
					};
					DD487DF624A2F31A00170A07 = {
						CreatedOnToolsVersion = 11.3;
					};
					DD487E1B24A2F3B400170A07 = {
						CreatedOnToolsVersion = 11.3;
					};
					DD487E2624A2F3E100170A07 = {
						CreatedOnToolsVersion = 11.3;
					};
					DD487E3724A2F54900170A07 = {
						CreatedOnToolsVersion = 11.3;
					};
					DD487E4824AC233B00170A07 = {
						CreatedOnToolsVersion = 11.3;
					};
					DD52E14524AC93CB00C81EEF = {
						CreatedOnToolsVersion = 11.3;
					};
					DDAC0D7C24C8365200D005E1 = {
						CreatedOnToolsVersion = 11.3;
					};
					DDC868EF24BD472000081638 = {
						CreatedOnToolsVersion = 11.3;
					};
					DDF3301224C57E3F00B1A703 = {
						CreatedOnToolsVersion = 11.3;
					};
					DDF3302424C68D6D00B1A703 = {
						CreatedOnToolsVersion = 11.3;
					};
					DDF3303424C6B80500B1A703 = {
						CreatedOnToolsVersion = 11.3;
					};
				};
			};
			buildConfigurationList = DD487DF224A2F31A00170A07 /* Build configuration list for PBXProject "OpenGL_Demos" */;
			compatibilityVersion = "Xcode 9.3";
			developmentRegion = en;
			hasScannedForEncodings = 0;
			knownRegions = (
				en,
				Base,
			);
			mainGroup = DD487DEE24A2F31A00170A07;
			productRefGroup = DD487DF824A2F31A00170A07 /* Products */;
			projectDirPath = "";
			projectRoot = "";
			targets = (
				DD487DF624A2F31A00170A07 /* OpenGL_Demos */,
				DD487E1B24A2F3B400170A07 /* pyramid */,
				DD487E2624A2F3E100170A07 /* geometry */,
				DD487E3724A2F54900170A07 /* pyamid_texture */,
				B643C6F124A5E20A00298438 /* flower_torus */,
				DD487E4824AC233B00170A07 /* Objects */,
				DD52E14524AC93CB00C81EEF /* rotate_object */,
				DDC868EF24BD472000081638 /* texture_1 */,
				DDF3301224C57E3F00B1A703 /* Shader_1 */,
				DDF3302424C68D6D00B1A703 /* Shader_2_Uniform */,
				DDF3303424C6B80500B1A703 /* Shader_3_SimulatingLight */,
				DDAC0D7C24C8365200D005E1 /* Shader_4_AdsGouraud */,
			);
		};
/* End PBXProject section */

/* Begin PBXSourcesBuildPhase section */
		B643C6EE24A5E20A00298438 /* Sources */ = {
			isa = PBXSourcesBuildPhase;
			buildActionMask = 2147483647;
			files = (
				B643C6F524A5E20A00298438 /* main.cpp in Sources */,
			);
			runOnlyForDeploymentPostprocessing = 0;
		};
		DD487DF324A2F31A00170A07 /* Sources */ = {
			isa = PBXSourcesBuildPhase;
			buildActionMask = 2147483647;
			files = (
				DD487DFB24A2F31A00170A07 /* main.cpp in Sources */,
			);
			runOnlyForDeploymentPostprocessing = 0;
		};
		DD487E1824A2F3B400170A07 /* Sources */ = {
			isa = PBXSourcesBuildPhase;
			buildActionMask = 2147483647;
			files = (
				DD487E1F24A2F3B400170A07 /* main.cpp in Sources */,
			);
			runOnlyForDeploymentPostprocessing = 0;
		};
		DD487E2324A2F3E100170A07 /* Sources */ = {
			isa = PBXSourcesBuildPhase;
			buildActionMask = 2147483647;
			files = (
				DD487E2A24A2F3E200170A07 /* main.cpp in Sources */,
			);
			runOnlyForDeploymentPostprocessing = 0;
		};
		DD487E3424A2F54900170A07 /* Sources */ = {
			isa = PBXSourcesBuildPhase;
			buildActionMask = 2147483647;
			files = (
				DD487E3B24A2F54900170A07 /* main.cpp in Sources */,
			);
			runOnlyForDeploymentPostprocessing = 0;
		};
		DD487E4524AC233B00170A07 /* Sources */ = {
			isa = PBXSourcesBuildPhase;
			buildActionMask = 2147483647;
			files = (
				DD487E4C24AC233B00170A07 /* main.cpp in Sources */,
			);
			runOnlyForDeploymentPostprocessing = 0;
		};
		DD52E14224AC93CB00C81EEF /* Sources */ = {
			isa = PBXSourcesBuildPhase;
			buildActionMask = 2147483647;
			files = (
				DD52E14924AC93CB00C81EEF /* main.cpp in Sources */,
			);
			runOnlyForDeploymentPostprocessing = 0;
		};
		DDAC0D7924C8365200D005E1 /* Sources */ = {
			isa = PBXSourcesBuildPhase;
			buildActionMask = 2147483647;
			files = (
				DDAC0D8024C8365200D005E1 /* main.cpp in Sources */,
			);
			runOnlyForDeploymentPostprocessing = 0;
		};
		DDC868EC24BD472000081638 /* Sources */ = {
			isa = PBXSourcesBuildPhase;
			buildActionMask = 2147483647;
			files = (
				DDC868F324BD472000081638 /* main.cpp in Sources */,
			);
			runOnlyForDeploymentPostprocessing = 0;
		};
		DDF3300F24C57E3F00B1A703 /* Sources */ = {
			isa = PBXSourcesBuildPhase;
			buildActionMask = 2147483647;
			files = (
				DDF3301624C57E3F00B1A703 /* main.cpp in Sources */,
			);
			runOnlyForDeploymentPostprocessing = 0;
		};
		DDF3302124C68D6D00B1A703 /* Sources */ = {
			isa = PBXSourcesBuildPhase;
			buildActionMask = 2147483647;
			files = (
				DDF3302824C68D6D00B1A703 /* main.cpp in Sources */,
			);
			runOnlyForDeploymentPostprocessing = 0;
		};
		DDF3303124C6B80500B1A703 /* Sources */ = {
			isa = PBXSourcesBuildPhase;
			buildActionMask = 2147483647;
			files = (
				DDF3303824C6B80500B1A703 /* main.cpp in Sources */,
			);
			runOnlyForDeploymentPostprocessing = 0;
		};
/* End PBXSourcesBuildPhase section */

/* Begin XCBuildConfiguration section */
		B643C6F624A5E20A00298438 /* Debug */ = {
			isa = XCBuildConfiguration;
			buildSettings = {
				CODE_SIGN_STYLE = Automatic;
				LIBRARY_SEARCH_PATHS = (
					"$(inherited)",
					"$(PROJECT_DIR)",
				);
				PRODUCT_NAME = "$(TARGET_NAME)";
			};
			name = Debug;
		};
		B643C6F724A5E20A00298438 /* Release */ = {
			isa = XCBuildConfiguration;
			buildSettings = {
				CODE_SIGN_STYLE = Automatic;
				LIBRARY_SEARCH_PATHS = (
					"$(inherited)",
					"$(PROJECT_DIR)",
				);
				PRODUCT_NAME = "$(TARGET_NAME)";
			};
			name = Release;
		};
		DD487DFC24A2F31A00170A07 /* Debug */ = {
			isa = XCBuildConfiguration;
			buildSettings = {
				ALWAYS_SEARCH_USER_PATHS = NO;
				CLANG_ANALYZER_NONNULL = YES;
				CLANG_ANALYZER_NUMBER_OBJECT_CONVERSION = YES_AGGRESSIVE;
				CLANG_CXX_LANGUAGE_STANDARD = "gnu++14";
				CLANG_CXX_LIBRARY = "libc++";
				CLANG_ENABLE_MODULES = YES;
				CLANG_ENABLE_OBJC_ARC = YES;
				CLANG_ENABLE_OBJC_WEAK = YES;
				CLANG_WARN_BLOCK_CAPTURE_AUTORELEASING = YES;
				CLANG_WARN_BOOL_CONVERSION = YES;
				CLANG_WARN_COMMA = YES;
				CLANG_WARN_CONSTANT_CONVERSION = YES;
				CLANG_WARN_DEPRECATED_OBJC_IMPLEMENTATIONS = YES;
				CLANG_WARN_DIRECT_OBJC_ISA_USAGE = YES_ERROR;
				CLANG_WARN_DOCUMENTATION_COMMENTS = YES;
				CLANG_WARN_EMPTY_BODY = YES;
				CLANG_WARN_ENUM_CONVERSION = YES;
				CLANG_WARN_INFINITE_RECURSION = YES;
				CLANG_WARN_INT_CONVERSION = YES;
				CLANG_WARN_NON_LITERAL_NULL_CONVERSION = YES;
				CLANG_WARN_OBJC_IMPLICIT_RETAIN_SELF = YES;
				CLANG_WARN_OBJC_LITERAL_CONVERSION = YES;
				CLANG_WARN_OBJC_ROOT_CLASS = YES_ERROR;
				CLANG_WARN_RANGE_LOOP_ANALYSIS = YES;
				CLANG_WARN_STRICT_PROTOTYPES = YES;
				CLANG_WARN_SUSPICIOUS_MOVE = YES;
				CLANG_WARN_UNGUARDED_AVAILABILITY = YES_AGGRESSIVE;
				CLANG_WARN_UNREACHABLE_CODE = YES;
				CLANG_WARN__DUPLICATE_METHOD_MATCH = YES;
				COPY_PHASE_STRIP = NO;
				DEBUG_INFORMATION_FORMAT = dwarf;
				ENABLE_STRICT_OBJC_MSGSEND = YES;
				ENABLE_TESTABILITY = YES;
				GCC_C_LANGUAGE_STANDARD = gnu11;
				GCC_DYNAMIC_NO_PIC = NO;
				GCC_NO_COMMON_BLOCKS = YES;
				GCC_OPTIMIZATION_LEVEL = 0;
				GCC_PREPROCESSOR_DEFINITIONS = (
					"DEBUG=1",
					"$(inherited)",
				);
				GCC_WARN_64_TO_32_BIT_CONVERSION = YES;
				GCC_WARN_ABOUT_RETURN_TYPE = YES_ERROR;
				GCC_WARN_UNDECLARED_SELECTOR = YES;
				GCC_WARN_UNINITIALIZED_AUTOS = YES_AGGRESSIVE;
				GCC_WARN_UNUSED_FUNCTION = YES;
				GCC_WARN_UNUSED_VARIABLE = YES;
				HEADER_SEARCH_PATHS = "\"$(SRCROOT)/OpenGL_Demos/include\"/**";
				MACOSX_DEPLOYMENT_TARGET = 10.14;
				MTL_ENABLE_DEBUG_INFO = INCLUDE_SOURCE;
				MTL_FAST_MATH = YES;
				ONLY_ACTIVE_ARCH = YES;
				SDKROOT = macosx;
			};
			name = Debug;
		};
		DD487DFD24A2F31A00170A07 /* Release */ = {
			isa = XCBuildConfiguration;
			buildSettings = {
				ALWAYS_SEARCH_USER_PATHS = NO;
				CLANG_ANALYZER_NONNULL = YES;
				CLANG_ANALYZER_NUMBER_OBJECT_CONVERSION = YES_AGGRESSIVE;
				CLANG_CXX_LANGUAGE_STANDARD = "gnu++14";
				CLANG_CXX_LIBRARY = "libc++";
				CLANG_ENABLE_MODULES = YES;
				CLANG_ENABLE_OBJC_ARC = YES;
				CLANG_ENABLE_OBJC_WEAK = YES;
				CLANG_WARN_BLOCK_CAPTURE_AUTORELEASING = YES;
				CLANG_WARN_BOOL_CONVERSION = YES;
				CLANG_WARN_COMMA = YES;
				CLANG_WARN_CONSTANT_CONVERSION = YES;
				CLANG_WARN_DEPRECATED_OBJC_IMPLEMENTATIONS = YES;
				CLANG_WARN_DIRECT_OBJC_ISA_USAGE = YES_ERROR;
				CLANG_WARN_DOCUMENTATION_COMMENTS = YES;
				CLANG_WARN_EMPTY_BODY = YES;
				CLANG_WARN_ENUM_CONVERSION = YES;
				CLANG_WARN_INFINITE_RECURSION = YES;
				CLANG_WARN_INT_CONVERSION = YES;
				CLANG_WARN_NON_LITERAL_NULL_CONVERSION = YES;
				CLANG_WARN_OBJC_IMPLICIT_RETAIN_SELF = YES;
				CLANG_WARN_OBJC_LITERAL_CONVERSION = YES;
				CLANG_WARN_OBJC_ROOT_CLASS = YES_ERROR;
				CLANG_WARN_RANGE_LOOP_ANALYSIS = YES;
				CLANG_WARN_STRICT_PROTOTYPES = YES;
				CLANG_WARN_SUSPICIOUS_MOVE = YES;
				CLANG_WARN_UNGUARDED_AVAILABILITY = YES_AGGRESSIVE;
				CLANG_WARN_UNREACHABLE_CODE = YES;
				CLANG_WARN__DUPLICATE_METHOD_MATCH = YES;
				COPY_PHASE_STRIP = NO;
				DEBUG_INFORMATION_FORMAT = "dwarf-with-dsym";
				ENABLE_NS_ASSERTIONS = NO;
				ENABLE_STRICT_OBJC_MSGSEND = YES;
				GCC_C_LANGUAGE_STANDARD = gnu11;
				GCC_NO_COMMON_BLOCKS = YES;
				GCC_WARN_64_TO_32_BIT_CONVERSION = YES;
				GCC_WARN_ABOUT_RETURN_TYPE = YES_ERROR;
				GCC_WARN_UNDECLARED_SELECTOR = YES;
				GCC_WARN_UNINITIALIZED_AUTOS = YES_AGGRESSIVE;
				GCC_WARN_UNUSED_FUNCTION = YES;
				GCC_WARN_UNUSED_VARIABLE = YES;
				HEADER_SEARCH_PATHS = "\"$(SRCROOT)/OpenGL_Demos/include\"/**";
				MACOSX_DEPLOYMENT_TARGET = 10.14;
				MTL_ENABLE_DEBUG_INFO = NO;
				MTL_FAST_MATH = YES;
				SDKROOT = macosx;
			};
			name = Release;
		};
		DD487DFF24A2F31A00170A07 /* Debug */ = {
			isa = XCBuildConfiguration;
			buildSettings = {
				CODE_SIGN_STYLE = Automatic;
				LIBRARY_SEARCH_PATHS = (
					"$(inherited)",
					"$(PROJECT_DIR)/OpenGL_Demos",
				);
				PRODUCT_NAME = "$(TARGET_NAME)";
			};
			name = Debug;
		};
		DD487E0024A2F31A00170A07 /* Release */ = {
			isa = XCBuildConfiguration;
			buildSettings = {
				CODE_SIGN_STYLE = Automatic;
				LIBRARY_SEARCH_PATHS = (
					"$(inherited)",
					"$(PROJECT_DIR)/OpenGL_Demos",
				);
				PRODUCT_NAME = "$(TARGET_NAME)";
			};
			name = Release;
		};
		DD487E2124A2F3B400170A07 /* Debug */ = {
			isa = XCBuildConfiguration;
			buildSettings = {
				CODE_SIGN_STYLE = Automatic;
				LIBRARY_SEARCH_PATHS = (
					"$(inherited)",
					"$(PROJECT_DIR)",
				);
				PRODUCT_NAME = "$(TARGET_NAME)";
			};
			name = Debug;
		};
		DD487E2224A2F3B400170A07 /* Release */ = {
			isa = XCBuildConfiguration;
			buildSettings = {
				CODE_SIGN_STYLE = Automatic;
				LIBRARY_SEARCH_PATHS = (
					"$(inherited)",
					"$(PROJECT_DIR)",
				);
				PRODUCT_NAME = "$(TARGET_NAME)";
			};
			name = Release;
		};
		DD487E2C24A2F3E200170A07 /* Debug */ = {
			isa = XCBuildConfiguration;
			buildSettings = {
				CODE_SIGN_STYLE = Automatic;
				LIBRARY_SEARCH_PATHS = (
					"$(inherited)",
					"$(PROJECT_DIR)",
				);
				PRODUCT_NAME = "$(TARGET_NAME)";
			};
			name = Debug;
		};
		DD487E2D24A2F3E200170A07 /* Release */ = {
			isa = XCBuildConfiguration;
			buildSettings = {
				CODE_SIGN_STYLE = Automatic;
				LIBRARY_SEARCH_PATHS = (
					"$(inherited)",
					"$(PROJECT_DIR)",
				);
				PRODUCT_NAME = "$(TARGET_NAME)";
			};
			name = Release;
		};
		DD487E3D24A2F54900170A07 /* Debug */ = {
			isa = XCBuildConfiguration;
			buildSettings = {
				CODE_SIGN_STYLE = Automatic;
				LIBRARY_SEARCH_PATHS = (
					"$(inherited)",
					"$(PROJECT_DIR)",
				);
				PRODUCT_NAME = "$(TARGET_NAME)";
			};
			name = Debug;
		};
		DD487E3E24A2F54900170A07 /* Release */ = {
			isa = XCBuildConfiguration;
			buildSettings = {
				CODE_SIGN_STYLE = Automatic;
				LIBRARY_SEARCH_PATHS = (
					"$(inherited)",
					"$(PROJECT_DIR)",
				);
				PRODUCT_NAME = "$(TARGET_NAME)";
			};
			name = Release;
		};
		DD487E4D24AC233B00170A07 /* Debug */ = {
			isa = XCBuildConfiguration;
			buildSettings = {
				CODE_SIGN_STYLE = Automatic;
				LIBRARY_SEARCH_PATHS = (
					"$(inherited)",
					"$(PROJECT_DIR)",
				);
				MACOSX_DEPLOYMENT_TARGET = 10.7;
				PRODUCT_NAME = "$(TARGET_NAME)";
			};
			name = Debug;
		};
		DD487E4E24AC233B00170A07 /* Release */ = {
			isa = XCBuildConfiguration;
			buildSettings = {
				CODE_SIGN_STYLE = Automatic;
				LIBRARY_SEARCH_PATHS = (
					"$(inherited)",
					"$(PROJECT_DIR)",
				);
				MACOSX_DEPLOYMENT_TARGET = 10.7;
				PRODUCT_NAME = "$(TARGET_NAME)";
			};
			name = Release;
		};
		DD52E14A24AC93CB00C81EEF /* Debug */ = {
			isa = XCBuildConfiguration;
			buildSettings = {
				CODE_SIGN_STYLE = Automatic;
				PRODUCT_NAME = "$(TARGET_NAME)";
			};
			name = Debug;
		};
		DD52E14B24AC93CB00C81EEF /* Release */ = {
			isa = XCBuildConfiguration;
			buildSettings = {
				CODE_SIGN_STYLE = Automatic;
				PRODUCT_NAME = "$(TARGET_NAME)";
			};
			name = Release;
		};
		DDAC0D8224C8365200D005E1 /* Debug */ = {
			isa = XCBuildConfiguration;
			buildSettings = {
				CODE_SIGN_STYLE = Automatic;
				LIBRARY_SEARCH_PATHS = (
					"$(inherited)",
					"$(PROJECT_DIR)",
				);
				MACOSX_DEPLOYMENT_TARGET = 10.7;
				PRODUCT_NAME = "$(TARGET_NAME)";
			};
			name = Debug;
		};
		DDAC0D8324C8365200D005E1 /* Release */ = {
			isa = XCBuildConfiguration;
			buildSettings = {
				CODE_SIGN_STYLE = Automatic;
				LIBRARY_SEARCH_PATHS = (
					"$(inherited)",
					"$(PROJECT_DIR)",
				);
				MACOSX_DEPLOYMENT_TARGET = 10.7;
				PRODUCT_NAME = "$(TARGET_NAME)";
			};
			name = Release;
		};
		DDC868F424BD472000081638 /* Debug */ = {
			isa = XCBuildConfiguration;
			buildSettings = {
				CODE_SIGN_STYLE = Automatic;
				LIBRARY_SEARCH_PATHS = (
					"$(inherited)",
					"$(PROJECT_DIR)",
				);
				MACOSX_DEPLOYMENT_TARGET = 10.7;
				PRODUCT_NAME = "$(TARGET_NAME)";
			};
			name = Debug;
		};
		DDC868F524BD472000081638 /* Release */ = {
			isa = XCBuildConfiguration;
			buildSettings = {
				CODE_SIGN_STYLE = Automatic;
				LIBRARY_SEARCH_PATHS = (
					"$(inherited)",
					"$(PROJECT_DIR)",
				);
				MACOSX_DEPLOYMENT_TARGET = 10.7;
				PRODUCT_NAME = "$(TARGET_NAME)";
			};
			name = Release;
		};
		DDF3301724C57E3F00B1A703 /* Debug */ = {
			isa = XCBuildConfiguration;
			buildSettings = {
				CODE_SIGN_STYLE = Automatic;
				LIBRARY_SEARCH_PATHS = (
					"$(inherited)",
					"$(PROJECT_DIR)",
				);
				MACOSX_DEPLOYMENT_TARGET = 10.7;
				PRODUCT_NAME = "$(TARGET_NAME)";
			};
			name = Debug;
		};
		DDF3301824C57E3F00B1A703 /* Release */ = {
			isa = XCBuildConfiguration;
			buildSettings = {
				CODE_SIGN_STYLE = Automatic;
				LIBRARY_SEARCH_PATHS = (
					"$(inherited)",
					"$(PROJECT_DIR)",
				);
				MACOSX_DEPLOYMENT_TARGET = 10.7;
				PRODUCT_NAME = "$(TARGET_NAME)";
			};
			name = Release;
		};
		DDF3302924C68D6D00B1A703 /* Debug */ = {
			isa = XCBuildConfiguration;
			buildSettings = {
				CODE_SIGN_STYLE = Automatic;
				LIBRARY_SEARCH_PATHS = (
					"$(inherited)",
					"$(PROJECT_DIR)",
				);
				MACOSX_DEPLOYMENT_TARGET = 10.7;
				PRODUCT_NAME = "$(TARGET_NAME)";
			};
			name = Debug;
		};
		DDF3302A24C68D6D00B1A703 /* Release */ = {
			isa = XCBuildConfiguration;
			buildSettings = {
				CODE_SIGN_STYLE = Automatic;
				LIBRARY_SEARCH_PATHS = (
					"$(inherited)",
					"$(PROJECT_DIR)",
				);
				MACOSX_DEPLOYMENT_TARGET = 10.7;
				PRODUCT_NAME = "$(TARGET_NAME)";
			};
			name = Release;
		};
		DDF3303A24C6B80500B1A703 /* Debug */ = {
			isa = XCBuildConfiguration;
			buildSettings = {
				CODE_SIGN_STYLE = Automatic;
				LIBRARY_SEARCH_PATHS = (
					"$(inherited)",
					"$(PROJECT_DIR)",
				);
				MACOSX_DEPLOYMENT_TARGET = 10.7;
				PRODUCT_NAME = "$(TARGET_NAME)";
			};
			name = Debug;
		};
		DDF3303B24C6B80500B1A703 /* Release */ = {
			isa = XCBuildConfiguration;
			buildSettings = {
				CODE_SIGN_STYLE = Automatic;
				LIBRARY_SEARCH_PATHS = (
					"$(inherited)",
					"$(PROJECT_DIR)",
				);
				MACOSX_DEPLOYMENT_TARGET = 10.7;
				PRODUCT_NAME = "$(TARGET_NAME)";
			};
			name = Release;
		};
/* End XCBuildConfiguration section */

/* Begin XCConfigurationList section */
		B643C6F824A5E20A00298438 /* Build configuration list for PBXNativeTarget "flower_torus" */ = {
			isa = XCConfigurationList;
			buildConfigurations = (
				B643C6F624A5E20A00298438 /* Debug */,
				B643C6F724A5E20A00298438 /* Release */,
			);
			defaultConfigurationIsVisible = 0;
			defaultConfigurationName = Release;
		};
		DD487DF224A2F31A00170A07 /* Build configuration list for PBXProject "OpenGL_Demos" */ = {
			isa = XCConfigurationList;
			buildConfigurations = (
				DD487DFC24A2F31A00170A07 /* Debug */,
				DD487DFD24A2F31A00170A07 /* Release */,
			);
			defaultConfigurationIsVisible = 0;
			defaultConfigurationName = Release;
		};
		DD487DFE24A2F31A00170A07 /* Build configuration list for PBXNativeTarget "OpenGL_Demos" */ = {
			isa = XCConfigurationList;
			buildConfigurations = (
				DD487DFF24A2F31A00170A07 /* Debug */,
				DD487E0024A2F31A00170A07 /* Release */,
			);
			defaultConfigurationIsVisible = 0;
			defaultConfigurationName = Release;
		};
		DD487E2024A2F3B400170A07 /* Build configuration list for PBXNativeTarget "pyramid" */ = {
			isa = XCConfigurationList;
			buildConfigurations = (
				DD487E2124A2F3B400170A07 /* Debug */,
				DD487E2224A2F3B400170A07 /* Release */,
			);
			defaultConfigurationIsVisible = 0;
			defaultConfigurationName = Release;
		};
		DD487E2B24A2F3E200170A07 /* Build configuration list for PBXNativeTarget "geometry" */ = {
			isa = XCConfigurationList;
			buildConfigurations = (
				DD487E2C24A2F3E200170A07 /* Debug */,
				DD487E2D24A2F3E200170A07 /* Release */,
			);
			defaultConfigurationIsVisible = 0;
			defaultConfigurationName = Release;
		};
		DD487E3C24A2F54900170A07 /* Build configuration list for PBXNativeTarget "pyamid_texture" */ = {
			isa = XCConfigurationList;
			buildConfigurations = (
				DD487E3D24A2F54900170A07 /* Debug */,
				DD487E3E24A2F54900170A07 /* Release */,
			);
			defaultConfigurationIsVisible = 0;
			defaultConfigurationName = Release;
		};
		DD487E4F24AC233B00170A07 /* Build configuration list for PBXNativeTarget "Objects" */ = {
			isa = XCConfigurationList;
			buildConfigurations = (
				DD487E4D24AC233B00170A07 /* Debug */,
				DD487E4E24AC233B00170A07 /* Release */,
			);
			defaultConfigurationIsVisible = 0;
			defaultConfigurationName = Release;
		};
		DD52E14C24AC93CB00C81EEF /* Build configuration list for PBXNativeTarget "rotate_object" */ = {
			isa = XCConfigurationList;
			buildConfigurations = (
				DD52E14A24AC93CB00C81EEF /* Debug */,
				DD52E14B24AC93CB00C81EEF /* Release */,
			);
			defaultConfigurationIsVisible = 0;
			defaultConfigurationName = Release;
		};
		DDAC0D8124C8365200D005E1 /* Build configuration list for PBXNativeTarget "Shader_4_AdsGouraud" */ = {
			isa = XCConfigurationList;
			buildConfigurations = (
				DDAC0D8224C8365200D005E1 /* Debug */,
				DDAC0D8324C8365200D005E1 /* Release */,
			);
			defaultConfigurationIsVisible = 0;
			defaultConfigurationName = Release;
		};
		DDC868F624BD472000081638 /* Build configuration list for PBXNativeTarget "texture_1" */ = {
			isa = XCConfigurationList;
			buildConfigurations = (
				DDC868F424BD472000081638 /* Debug */,
				DDC868F524BD472000081638 /* Release */,
			);
			defaultConfigurationIsVisible = 0;
			defaultConfigurationName = Release;
		};
		DDF3301924C57E3F00B1A703 /* Build configuration list for PBXNativeTarget "Shader_1" */ = {
			isa = XCConfigurationList;
			buildConfigurations = (
				DDF3301724C57E3F00B1A703 /* Debug */,
				DDF3301824C57E3F00B1A703 /* Release */,
			);
			defaultConfigurationIsVisible = 0;
			defaultConfigurationName = Release;
		};
		DDF3302B24C68D6D00B1A703 /* Build configuration list for PBXNativeTarget "Shader_2_Uniform" */ = {
			isa = XCConfigurationList;
			buildConfigurations = (
				DDF3302924C68D6D00B1A703 /* Debug */,
				DDF3302A24C68D6D00B1A703 /* Release */,
			);
			defaultConfigurationIsVisible = 0;
			defaultConfigurationName = Release;
		};
		DDF3303924C6B80500B1A703 /* Build configuration list for PBXNativeTarget "Shader_3_SimulatingLight" */ = {
			isa = XCConfigurationList;
			buildConfigurations = (
				DDF3303A24C6B80500B1A703 /* Debug */,
				DDF3303B24C6B80500B1A703 /* Release */,
			);
			defaultConfigurationIsVisible = 0;
			defaultConfigurationName = Release;
		};
/* End XCConfigurationList section */
	};
	rootObject = DD487DEF24A2F31A00170A07 /* Project object */;
}
